
Microsoft Visual Studio Solution File, Format Version 12.00
# Visual Studio 15
VisualStudioVersion = 15.0.28307.168
MinimumVisualStudioVersion = 10.0.40219.1
Project("{FAE04EC0-301F-11D3-BF4B-00C04F79EFBC}") = "WpfApp1", "WpfApp1\WpfApp1.csproj", "{CAF5908E-CC79-461F-9B82-B952683EC7C8}"
EndProject
Global
	GlobalSection(SolutionConfigurationPlatforms) = preSolution
		Debug|Any CPU = Debug|Any CPU
		Release|Any CPU = Release|Any CPU
	EndGlobalSection
	GlobalSection(ProjectConfigurationPlatforms) = postSolution
		{CAF5908E-CC79-461F-9B82-B952683EC7C8}.Debug|Any CPU.ActiveCfg = Debug|Any CPU
		{CAF5908E-CC79-461F-9B82-B952683EC7C8}.Debug|Any CPU.Build.0 = Debug|Any CPU
		{CAF5908E-CC79-461F-9B82-B952683EC7C8}.Release|Any CPU.ActiveCfg = Release|Any CPU
		{CAF5908E-CC79-461F-9B82-B952683EC7C8}.Release|Any CPU.Build.0 = Release|Any CPU
	EndGlobalSection
	GlobalSection(SolutionProperties) = preSolution
		HideSolutionNode = FALSE
	EndGlobalSection
	GlobalSection(ExtensibilityGlobals) = postSolution
		SolutionGuid = {5DA9B769-E21C-4302-8A0D-505D5DCE1BBE}
	EndGlobalSection
EndGlobal
